
Microsoft Visual Studio Solution File, Format Version 12.00
# Visual Studio 15
VisualStudioVersion = 15.0.27428.2037
MinimumVisualStudioVersion = 10.0.40219.1
Project("{FAE04EC0-301F-11D3-BF4B-00C04F79EFBC}") = "ProgramSolution", "ProgramSolution\ProgramSolution.csproj", "{EFB93037-899A-403C-991A-C9746DFE3F23}"
EndProject
Global
	GlobalSection(SolutionConfigurationPlatforms) = preSolution
		Debug|Any CPU = Debug|Any CPU
		Release|Any CPU = Release|Any CPU
	EndGlobalSection
	GlobalSection(ProjectConfigurationPlatforms) = postSolution
		{EFB93037-899A-403C-991A-C9746DFE3F23}.Debug|Any CPU.ActiveCfg = Debug|Any CPU
		{EFB93037-899A-403C-991A-C9746DFE3F23}.Debug|Any CPU.Build.0 = Debug|Any CPU
		{EFB93037-899A-403C-991A-C9746DFE3F23}.Release|Any CPU.ActiveCfg = Release|Any CPU
		{EFB93037-899A-403C-991A-C9746DFE3F23}.Release|Any CPU.Build.0 = Release|Any CPU
	EndGlobalSection
	GlobalSection(SolutionProperties) = preSolution
		HideSolutionNode = FALSE
	EndGlobalSection
	GlobalSection(ExtensibilityGlobals) = postSolution
		SolutionGuid = {61DB77CF-968D-4512-82E7-0DFADE8AC4CC}
	EndGlobalSection
EndGlobal
