
Microsoft Visual Studio Solution File, Format Version 12.00
# Visual Studio 15
VisualStudioVersion = 15.0.27428.2005
MinimumVisualStudioVersion = 10.0.40219.1
Project("{FAE04EC0-301F-11D3-BF4B-00C04F79EFBC}") = "QuirkyBookRental", "QuirkyBookRental\QuirkyBookRental.csproj", "{6916E178-61E5-40F4-84DF-85990611D66D}"
EndProject
Global
	GlobalSection(SolutionConfigurationPlatforms) = preSolution
		Debug|Any CPU = Debug|Any CPU
		Release|Any CPU = Release|Any CPU
	EndGlobalSection
	GlobalSection(ProjectConfigurationPlatforms) = postSolution
		{6916E178-61E5-40F4-84DF-85990611D66D}.Debug|Any CPU.ActiveCfg = Debug|Any CPU
		{6916E178-61E5-40F4-84DF-85990611D66D}.Debug|Any CPU.Build.0 = Debug|Any CPU
		{6916E178-61E5-40F4-84DF-85990611D66D}.Release|Any CPU.ActiveCfg = Release|Any CPU
		{6916E178-61E5-40F4-84DF-85990611D66D}.Release|Any CPU.Build.0 = Release|Any CPU
	EndGlobalSection
	GlobalSection(SolutionProperties) = preSolution
		HideSolutionNode = FALSE
	EndGlobalSection
	GlobalSection(ExtensibilityGlobals) = postSolution
		SolutionGuid = {1A2AA6E2-B0CA-44D9-8009-BDADFE13C4AB}
	EndGlobalSection
EndGlobal
